
Microsoft Visual Studio Solution File, Format Version 12.00
# Visual Studio 15
VisualStudioVersion = 15.0.27004.2005
MinimumVisualStudioVersion = 10.0.40219.1
Project("{FAE04EC0-301F-11D3-BF4B-00C04F79EFBC}") = "TDDStarter", "TDDStarter\TDDStarter.csproj", "{E87A7B60-16ED-460A-9494-3ADA91B4301A}"
EndProject
Project("{FAE04EC0-301F-11D3-BF4B-00C04F79EFBC}") = "TDDStarter.Tests", "TDDStarter.Tests\TDDStarter.Tests.csproj", "{BFA22E11-96C8-4BBB-8E5C-59F863C13D30}"
EndProject
Global
	GlobalSection(SolutionConfigurationPlatforms) = preSolution
		Debug|Any CPU = Debug|Any CPU
		Release|Any CPU = Release|Any CPU
	EndGlobalSection
	GlobalSection(ProjectConfigurationPlatforms) = postSolution
		{E87A7B60-16ED-460A-9494-3ADA91B4301A}.Debug|Any CPU.ActiveCfg = Debug|Any CPU
		{E87A7B60-16ED-460A-9494-3ADA91B4301A}.Debug|Any CPU.Build.0 = Debug|Any CPU
		{E87A7B60-16ED-460A-9494-3ADA91B4301A}.Release|Any CPU.ActiveCfg = Release|Any CPU
		{E87A7B60-16ED-460A-9494-3ADA91B4301A}.Release|Any CPU.Build.0 = Release|Any CPU
		{BFA22E11-96C8-4BBB-8E5C-59F863C13D30}.Debug|Any CPU.ActiveCfg = Debug|Any CPU
		{BFA22E11-96C8-4BBB-8E5C-59F863C13D30}.Debug|Any CPU.Build.0 = Debug|Any CPU
		{BFA22E11-96C8-4BBB-8E5C-59F863C13D30}.Release|Any CPU.ActiveCfg = Release|Any CPU
		{BFA22E11-96C8-4BBB-8E5C-59F863C13D30}.Release|Any CPU.Build.0 = Release|Any CPU
	EndGlobalSection
	GlobalSection(SolutionProperties) = preSolution
		HideSolutionNode = FALSE
	EndGlobalSection
	GlobalSection(ExtensibilityGlobals) = postSolution
		SolutionGuid = {8A0EE0AA-E9A0-41EE-AEDF-493DBD6FAC96}
	EndGlobalSection
EndGlobal
